// !$*UTF8*$!
{
	archiveVersion = 1;
	classes = {
	};
	objectVersion = 51;
	objects = {

/* Begin PBXBuildFile section */
		721DB39824EB8FDF002C42EE /* usual_icon.png in Resources */ = {isa = PBXBuildFile; fileRef = 721DB39724EB8FDF002C42EE /* usual_icon.png */; };
		721DB39B24EBC5A0002C42EE /* very_bad_icon.png in Resources */ = {isa = PBXBuildFile; fileRef = 721DB39924EBC5A0002C42EE /* very_bad_icon.png */; };
		721DB39C24EBC5A0002C42EE /* bad_icon.png in Resources */ = {isa = PBXBuildFile; fileRef = 721DB39A24EBC5A0002C42EE /* bad_icon.png */; };
		72518DDA24EA51F5007A742B /* splash_icon.png in Resources */ = {isa = PBXBuildFile; fileRef = 72518DD924EA51F5007A742B /* splash_icon.png */; };
		72518DDC24EA7452007A742B /* fine_icon.png in Resources */ = {isa = PBXBuildFile; fileRef = 72518DDB24EA7452007A742B /* fine_icon.png */; };
		7254EA8D24C07AFA006BAED2 /* AppDelegate.swift in Sources */ = {isa = PBXBuildFile; fileRef = 7254EA8C24C07AFA006BAED2 /* AppDelegate.swift */; };
		7254EA9624C07AFB006BAED2 /* Assets.xcassets in Resources */ = {isa = PBXBuildFile; fileRef = 7254EA9524C07AFB006BAED2 /* Assets.xcassets */; };
		7254EAA124C080A7006BAED2 /* SplashViewController.swift in Sources */ = {isa = PBXBuildFile; fileRef = 7254EAA024C080A7006BAED2 /* SplashViewController.swift */; };
		725D7E3024C2034C00728F89 /* AirInfo.swift in Sources */ = {isa = PBXBuildFile; fileRef = 725D7E2F24C2034C00728F89 /* AirInfo.swift */; };
		7292922A24CFE99100BE1ABC /* MainViewController.swift in Sources */ = {isa = PBXBuildFile; fileRef = 7292922924CFE99100BE1ABC /* MainViewController.swift */; };
		7292923024D0092D00BE1ABC /* WeatherDataService.swift in Sources */ = {isa = PBXBuildFile; fileRef = 7292922F24D0092D00BE1ABC /* WeatherDataService.swift */; };
		72E4B32824C086B00078BE04 /* WeatherDataModel.swift in Sources */ = {isa = PBXBuildFile; fileRef = 72E4B32724C086B00078BE04 /* WeatherDataModel.swift */; };
		FAE3A7A63D0FDF3771EC64E5 /* Pods_FirstMVVMproject.framework in Frameworks */ = {isa = PBXBuildFile; fileRef = 62BBFA426768E6342F473229 /* Pods_FirstMVVMproject.framework */; };
/* End PBXBuildFile section */

/* Begin PBXFileReference section */
		3B66DAB6A4ECA8D60E18114C /* Pods-FirstMVVMproject.debug.xcconfig */ = {isa = PBXFileReference; includeInIndex = 1; lastKnownFileType = text.xcconfig; name = "Pods-FirstMVVMproject.debug.xcconfig"; path = "Target Support Files/Pods-FirstMVVMproject/Pods-FirstMVVMproject.debug.xcconfig"; sourceTree = "<group>"; };
		62BBFA426768E6342F473229 /* Pods_FirstMVVMproject.framework */ = {isa = PBXFileReference; explicitFileType = wrapper.framework; includeInIndex = 0; path = Pods_FirstMVVMproject.framework; sourceTree = BUILT_PRODUCTS_DIR; };
		721DB39724EB8FDF002C42EE /* usual_icon.png */ = {isa = PBXFileReference; lastKnownFileType = image.png; path = usual_icon.png; sourceTree = "<group>"; };
		721DB39924EBC5A0002C42EE /* very_bad_icon.png */ = {isa = PBXFileReference; lastKnownFileType = image.png; path = very_bad_icon.png; sourceTree = "<group>"; };
		721DB39A24EBC5A0002C42EE /* bad_icon.png */ = {isa = PBXFileReference; lastKnownFileType = image.png; path = bad_icon.png; sourceTree = "<group>"; };
		72518DD924EA51F5007A742B /* splash_icon.png */ = {isa = PBXFileReference; lastKnownFileType = image.png; path = splash_icon.png; sourceTree = "<group>"; };
		72518DDB24EA7452007A742B /* fine_icon.png */ = {isa = PBXFileReference; lastKnownFileType = image.png; path = fine_icon.png; sourceTree = "<group>"; };
		7254EA8924C07AFA006BAED2 /* 공기 어때?.app */ = {isa = PBXFileReference; explicitFileType = wrapper.application; includeInIndex = 0; path = "공기 어때?.app"; sourceTree = BUILT_PRODUCTS_DIR; };
		7254EA8C24C07AFA006BAED2 /* AppDelegate.swift */ = {isa = PBXFileReference; lastKnownFileType = sourcecode.swift; path = AppDelegate.swift; sourceTree = "<group>"; };
		7254EA9524C07AFB006BAED2 /* Assets.xcassets */ = {isa = PBXFileReference; lastKnownFileType = folder.assetcatalog; path = Assets.xcassets; sourceTree = "<group>"; };
		7254EA9A24C07AFB006BAED2 /* Info.plist */ = {isa = PBXFileReference; lastKnownFileType = text.plist.xml; path = Info.plist; sourceTree = "<group>"; };
		7254EAA024C080A7006BAED2 /* SplashViewController.swift */ = {isa = PBXFileReference; lastKnownFileType = sourcecode.swift; path = SplashViewController.swift; sourceTree = "<group>"; };
		725D7E2F24C2034C00728F89 /* AirInfo.swift */ = {isa = PBXFileReference; lastKnownFileType = sourcecode.swift; path = AirInfo.swift; sourceTree = "<group>"; };
		7292922924CFE99100BE1ABC /* MainViewController.swift */ = {isa = PBXFileReference; lastKnownFileType = sourcecode.swift; path = MainViewController.swift; sourceTree = "<group>"; };
		7292922F24D0092D00BE1ABC /* WeatherDataService.swift */ = {isa = PBXFileReference; lastKnownFileType = sourcecode.swift; path = WeatherDataService.swift; sourceTree = "<group>"; };
		72E4B32724C086B00078BE04 /* WeatherDataModel.swift */ = {isa = PBXFileReference; lastKnownFileType = sourcecode.swift; path = WeatherDataModel.swift; sourceTree = "<group>"; };
		A7AFC65B03E625AA13DBB51D /* Pods-FirstMVVMproject.release.xcconfig */ = {isa = PBXFileReference; includeInIndex = 1; lastKnownFileType = text.xcconfig; name = "Pods-FirstMVVMproject.release.xcconfig"; path = "Target Support Files/Pods-FirstMVVMproject/Pods-FirstMVVMproject.release.xcconfig"; sourceTree = "<group>"; };
/* End PBXFileReference section */

/* Begin PBXFrameworksBuildPhase section */
		7254EA8624C07AFA006BAED2 /* Frameworks */ = {
			isa = PBXFrameworksBuildPhase;
			buildActionMask = 2147483647;
			files = (
				FAE3A7A63D0FDF3771EC64E5 /* Pods_FirstMVVMproject.framework in Frameworks */,
			);
			runOnlyForDeploymentPostprocessing = 0;
		};
/* End PBXFrameworksBuildPhase section */

/* Begin PBXGroup section */
		522E49F21B5DE20EEA59D5FD /* Pods */ = {
			isa = PBXGroup;
			children = (
				3B66DAB6A4ECA8D60E18114C /* Pods-FirstMVVMproject.debug.xcconfig */,
				A7AFC65B03E625AA13DBB51D /* Pods-FirstMVVMproject.release.xcconfig */,
			);
			path = Pods;
			sourceTree = "<group>";
		};
		721DB39D24EBD107002C42EE /* icon */ = {
			isa = PBXGroup;
			children = (
				721DB39A24EBC5A0002C42EE /* bad_icon.png */,
				721DB39924EBC5A0002C42EE /* very_bad_icon.png */,
				721DB39724EB8FDF002C42EE /* usual_icon.png */,
				72518DDB24EA7452007A742B /* fine_icon.png */,
				72518DD924EA51F5007A742B /* splash_icon.png */,
			);
			path = icon;
			sourceTree = "<group>";
		};
		721DB39E24EBD149002C42EE /* view */ = {
			isa = PBXGroup;
			children = (
				7254EAA024C080A7006BAED2 /* SplashViewController.swift */,
				7292922924CFE99100BE1ABC /* MainViewController.swift */,
			);
			path = view;
			sourceTree = "<group>";
		};
		721DB39F24EBD162002C42EE /* model */ = {
			isa = PBXGroup;
			children = (
				72E4B32724C086B00078BE04 /* WeatherDataModel.swift */,
			);
			path = model;
			sourceTree = "<group>";
		};
		721DB3A024EBD177002C42EE /* viewmodel */ = {
			isa = PBXGroup;
			children = (
				7292922F24D0092D00BE1ABC /* WeatherDataService.swift */,
			);
			path = viewmodel;
			sourceTree = "<group>";
		};
		721DB3A124EBD186002C42EE /* data */ = {
			isa = PBXGroup;
			children = (
				725D7E2F24C2034C00728F89 /* AirInfo.swift */,
			);
			path = data;
			sourceTree = "<group>";
		};
		721DB3A224EBD1A3002C42EE /* projectsetting */ = {
			isa = PBXGroup;
			children = (
			);
			path = projectsetting;
			sourceTree = "<group>";
		};
		7254EA8024C07AFA006BAED2 = {
			isa = PBXGroup;
			children = (
				7254EA8B24C07AFA006BAED2 /* FirstMVVMproject */,
				7254EA8A24C07AFA006BAED2 /* Products */,
				522E49F21B5DE20EEA59D5FD /* Pods */,
				F0C8CD22D76583F40F38CB7B /* Frameworks */,
			);
			sourceTree = "<group>";
		};
		7254EA8A24C07AFA006BAED2 /* Products */ = {
			isa = PBXGroup;
			children = (
				7254EA8924C07AFA006BAED2 /* 공기 어때?.app */,
			);
			name = Products;
			sourceTree = "<group>";
		};
		7254EA8B24C07AFA006BAED2 /* FirstMVVMproject */ = {
			isa = PBXGroup;
			children = (
				7254EA8C24C07AFA006BAED2 /* AppDelegate.swift */,
				7254EA9A24C07AFB006BAED2 /* Info.plist */,
				7254EA9524C07AFB006BAED2 /* Assets.xcassets */,
				721DB3A224EBD1A3002C42EE /* projectsetting */,
				721DB3A124EBD186002C42EE /* data */,
				721DB3A024EBD177002C42EE /* viewmodel */,
				721DB39F24EBD162002C42EE /* model */,
				721DB39E24EBD149002C42EE /* view */,
				721DB39D24EBD107002C42EE /* icon */,
			);
			path = FirstMVVMproject;
			sourceTree = "<group>";
		};
		F0C8CD22D76583F40F38CB7B /* Frameworks */ = {
			isa = PBXGroup;
			children = (
				62BBFA426768E6342F473229 /* Pods_FirstMVVMproject.framework */,
			);
			name = Frameworks;
			sourceTree = "<group>";
		};
/* End PBXGroup section */

/* Begin PBXNativeTarget section */
		7254EA8824C07AFA006BAED2 /* FirstMVVMproject */ = {
			isa = PBXNativeTarget;
			buildConfigurationList = 7254EA9D24C07AFB006BAED2 /* Build configuration list for PBXNativeTarget "FirstMVVMproject" */;
			buildPhases = (
				B5FD744E06C97CB86F1E9F80 /* [CP] Check Pods Manifest.lock */,
				7254EA8524C07AFA006BAED2 /* Sources */,
				7254EA8624C07AFA006BAED2 /* Frameworks */,
				7254EA8724C07AFA006BAED2 /* Resources */,
				77FD1D155762B24C8AA6F207 /* [CP] Embed Pods Frameworks */,
			);
			buildRules = (
			);
			dependencies = (
			);
			name = FirstMVVMproject;
			productName = FirstMVVMproject;
			productReference = 7254EA8924C07AFA006BAED2 /* 공기 어때?.app */;
			productType = "com.apple.product-type.application";
		};
/* End PBXNativeTarget section */

/* Begin PBXProject section */
		7254EA8124C07AFA006BAED2 /* Project object */ = {
			isa = PBXProject;
			attributes = {
				LastSwiftUpdateCheck = 1150;
				LastUpgradeCheck = 1150;
				ORGANIZATIONNAME = "김동준";
				TargetAttributes = {
					7254EA8824C07AFA006BAED2 = {
						CreatedOnToolsVersion = 11.5;
					};
				};
			};
			buildConfigurationList = 7254EA8424C07AFA006BAED2 /* Build configuration list for PBXProject "FirstMVVMproject" */;
			compatibilityVersion = "Xcode 9.3";
			developmentRegion = en;
			hasScannedForEncodings = 0;
			knownRegions = (
				en,
				Base,
			);
			mainGroup = 7254EA8024C07AFA006BAED2;
			productRefGroup = 7254EA8A24C07AFA006BAED2 /* Products */;
			projectDirPath = "";
			projectRoot = "";
			targets = (
				7254EA8824C07AFA006BAED2 /* FirstMVVMproject */,
			);
		};
/* End PBXProject section */

/* Begin PBXResourcesBuildPhase section */
		7254EA8724C07AFA006BAED2 /* Resources */ = {
			isa = PBXResourcesBuildPhase;
			buildActionMask = 2147483647;
			files = (
				721DB39C24EBC5A0002C42EE /* bad_icon.png in Resources */,
				72518DDC24EA7452007A742B /* fine_icon.png in Resources */,
				7254EA9624C07AFB006BAED2 /* Assets.xcassets in Resources */,
				72518DDA24EA51F5007A742B /* splash_icon.png in Resources */,
				721DB39824EB8FDF002C42EE /* usual_icon.png in Resources */,
				721DB39B24EBC5A0002C42EE /* very_bad_icon.png in Resources */,
			);
			runOnlyForDeploymentPostprocessing = 0;
		};
/* End PBXResourcesBuildPhase section */

/* Begin PBXShellScriptBuildPhase section */
		77FD1D155762B24C8AA6F207 /* [CP] Embed Pods Frameworks */ = {
			isa = PBXShellScriptBuildPhase;
			buildActionMask = 2147483647;
			files = (
			);
			inputFileListPaths = (
				"${PODS_ROOT}/Target Support Files/Pods-FirstMVVMproject/Pods-FirstMVVMproject-frameworks-${CONFIGURATION}-input-files.xcfilelist",
			);
			name = "[CP] Embed Pods Frameworks";
			outputFileListPaths = (
				"${PODS_ROOT}/Target Support Files/Pods-FirstMVVMproject/Pods-FirstMVVMproject-frameworks-${CONFIGURATION}-output-files.xcfilelist",
			);
			runOnlyForDeploymentPostprocessing = 0;
			shellPath = /bin/sh;
			shellScript = "\"${PODS_ROOT}/Target Support Files/Pods-FirstMVVMproject/Pods-FirstMVVMproject-frameworks.sh\"\n";
			showEnvVarsInLog = 0;
		};
		B5FD744E06C97CB86F1E9F80 /* [CP] Check Pods Manifest.lock */ = {
			isa = PBXShellScriptBuildPhase;
			buildActionMask = 2147483647;
			files = (
			);
			inputFileListPaths = (
			);
			inputPaths = (
				"${PODS_PODFILE_DIR_PATH}/Podfile.lock",
				"${PODS_ROOT}/Manifest.lock",
			);
			name = "[CP] Check Pods Manifest.lock";
			outputFileListPaths = (
			);
			outputPaths = (
				"$(DERIVED_FILE_DIR)/Pods-FirstMVVMproject-checkManifestLockResult.txt",
			);
			runOnlyForDeploymentPostprocessing = 0;
			shellPath = /bin/sh;
			shellScript = "diff \"${PODS_PODFILE_DIR_PATH}/Podfile.lock\" \"${PODS_ROOT}/Manifest.lock\" > /dev/null\nif [ $? != 0 ] ; then\n    # print error to STDERR\n    echo \"error: The sandbox is not in sync with the Podfile.lock. Run 'pod install' or update your CocoaPods installation.\" >&2\n    exit 1\nfi\n# This output is used by Xcode 'outputs' to avoid re-running this script phase.\necho \"SUCCESS\" > \"${SCRIPT_OUTPUT_FILE_0}\"\n";
			showEnvVarsInLog = 0;
		};
/* End PBXShellScriptBuildPhase section */

/* Begin PBXSourcesBuildPhase section */
		7254EA8524C07AFA006BAED2 /* Sources */ = {
			isa = PBXSourcesBuildPhase;
			buildActionMask = 2147483647;
			files = (
				7292923024D0092D00BE1ABC /* WeatherDataService.swift in Sources */,
				725D7E3024C2034C00728F89 /* AirInfo.swift in Sources */,
				7254EAA124C080A7006BAED2 /* SplashViewController.swift in Sources */,
				7292922A24CFE99100BE1ABC /* MainViewController.swift in Sources */,
				7254EA8D24C07AFA006BAED2 /* AppDelegate.swift in Sources */,
				72E4B32824C086B00078BE04 /* WeatherDataModel.swift in Sources */,
			);
			runOnlyForDeploymentPostprocessing = 0;
		};
/* End PBXSourcesBuildPhase section */

/* Begin XCBuildConfiguration section */
		7254EA9B24C07AFB006BAED2 /* Debug */ = {
			isa = XCBuildConfiguration;
			buildSettings = {
				ALWAYS_SEARCH_USER_PATHS = NO;
				CLANG_ANALYZER_NONNULL = YES;
				CLANG_ANALYZER_NUMBER_OBJECT_CONVERSION = YES_AGGRESSIVE;
				CLANG_CXX_LANGUAGE_STANDARD = "gnu++14";
				CLANG_CXX_LIBRARY = "libc++";
				CLANG_ENABLE_MODULES = YES;
				CLANG_ENABLE_OBJC_ARC = YES;
				CLANG_ENABLE_OBJC_WEAK = YES;
				CLANG_WARN_BLOCK_CAPTURE_AUTORELEASING = YES;
				CLANG_WARN_BOOL_CONVERSION = YES;
				CLANG_WARN_COMMA = YES;
				CLANG_WARN_CONSTANT_CONVERSION = YES;
				CLANG_WARN_DEPRECATED_OBJC_IMPLEMENTATIONS = YES;
				CLANG_WARN_DIRECT_OBJC_ISA_USAGE = YES_ERROR;
				CLANG_WARN_DOCUMENTATION_COMMENTS = YES;
				CLANG_WARN_EMPTY_BODY = YES;
				CLANG_WARN_ENUM_CONVERSION = YES;
				CLANG_WARN_INFINITE_RECURSION = YES;
				CLANG_WARN_INT_CONVERSION = YES;
				CLANG_WARN_NON_LITERAL_NULL_CONVERSION = YES;
				CLANG_WARN_OBJC_IMPLICIT_RETAIN_SELF = YES;
				CLANG_WARN_OBJC_LITERAL_CONVERSION = YES;
				CLANG_WARN_OBJC_ROOT_CLASS = YES_ERROR;
				CLANG_WARN_RANGE_LOOP_ANALYSIS = YES;
				CLANG_WARN_STRICT_PROTOTYPES = YES;
				CLANG_WARN_SUSPICIOUS_MOVE = YES;
				CLANG_WARN_UNGUARDED_AVAILABILITY = YES_AGGRESSIVE;
				CLANG_WARN_UNREACHABLE_CODE = YES;
				CLANG_WARN__DUPLICATE_METHOD_MATCH = YES;
				COPY_PHASE_STRIP = NO;
				DEBUG_INFORMATION_FORMAT = dwarf;
				ENABLE_STRICT_OBJC_MSGSEND = YES;
				ENABLE_TESTABILITY = YES;
				GCC_C_LANGUAGE_STANDARD = gnu11;
				GCC_DYNAMIC_NO_PIC = NO;
				GCC_NO_COMMON_BLOCKS = YES;
				GCC_OPTIMIZATION_LEVEL = 0;
				GCC_PREPROCESSOR_DEFINITIONS = (
					"DEBUG=1",
					"$(inherited)",
				);
				GCC_WARN_64_TO_32_BIT_CONVERSION = YES;
				GCC_WARN_ABOUT_RETURN_TYPE = YES_ERROR;
				GCC_WARN_UNDECLARED_SELECTOR = YES;
				GCC_WARN_UNINITIALIZED_AUTOS = YES_AGGRESSIVE;
				GCC_WARN_UNUSED_FUNCTION = YES;
				GCC_WARN_UNUSED_VARIABLE = YES;
				IPHONEOS_DEPLOYMENT_TARGET = 13.5;
				MTL_ENABLE_DEBUG_INFO = INCLUDE_SOURCE;
				MTL_FAST_MATH = YES;
				ONLY_ACTIVE_ARCH = YES;
				SDKROOT = iphoneos;
				SWIFT_ACTIVE_COMPILATION_CONDITIONS = DEBUG;
				SWIFT_OPTIMIZATION_LEVEL = "-Onone";
			};
			name = Debug;
		};
		7254EA9C24C07AFB006BAED2 /* Release */ = {
			isa = XCBuildConfiguration;
			buildSettings = {
				ALWAYS_SEARCH_USER_PATHS = NO;
				CLANG_ANALYZER_NONNULL = YES;
				CLANG_ANALYZER_NUMBER_OBJECT_CONVERSION = YES_AGGRESSIVE;
				CLANG_CXX_LANGUAGE_STANDARD = "gnu++14";
				CLANG_CXX_LIBRARY = "libc++";
				CLANG_ENABLE_MODULES = YES;
				CLANG_ENABLE_OBJC_ARC = YES;
				CLANG_ENABLE_OBJC_WEAK = YES;
				CLANG_WARN_BLOCK_CAPTURE_AUTORELEASING = YES;
				CLANG_WARN_BOOL_CONVERSION = YES;
				CLANG_WARN_COMMA = YES;
				CLANG_WARN_CONSTANT_CONVERSION = YES;
				CLANG_WARN_DEPRECATED_OBJC_IMPLEMENTATIONS = YES;
				CLANG_WARN_DIRECT_OBJC_ISA_USAGE = YES_ERROR;
				CLANG_WARN_DOCUMENTATION_COMMENTS = YES;
				CLANG_WARN_EMPTY_BODY = YES;
				CLANG_WARN_ENUM_CONVERSION = YES;
				CLANG_WARN_INFINITE_RECURSION = YES;
				CLANG_WARN_INT_CONVERSION = YES;
				CLANG_WARN_NON_LITERAL_NULL_CONVERSION = YES;
				CLANG_WARN_OBJC_IMPLICIT_RETAIN_SELF = YES;
				CLANG_WARN_OBJC_LITERAL_CONVERSION = YES;
				CLANG_WARN_OBJC_ROOT_CLASS = YES_ERROR;
				CLANG_WARN_RANGE_LOOP_ANALYSIS = YES;
				CLANG_WARN_STRICT_PROTOTYPES = YES;
				CLANG_WARN_SUSPICIOUS_MOVE = YES;
				CLANG_WARN_UNGUARDED_AVAILABILITY = YES_AGGRESSIVE;
				CLANG_WARN_UNREACHABLE_CODE = YES;
				CLANG_WARN__DUPLICATE_METHOD_MATCH = YES;
				COPY_PHASE_STRIP = NO;
				DEBUG_INFORMATION_FORMAT = "dwarf-with-dsym";
				ENABLE_NS_ASSERTIONS = NO;
				ENABLE_STRICT_OBJC_MSGSEND = YES;
				GCC_C_LANGUAGE_STANDARD = gnu11;
				GCC_NO_COMMON_BLOCKS = YES;
				GCC_WARN_64_TO_32_BIT_CONVERSION = YES;
				GCC_WARN_ABOUT_RETURN_TYPE = YES_ERROR;
				GCC_WARN_UNDECLARED_SELECTOR = YES;
				GCC_WARN_UNINITIALIZED_AUTOS = YES_AGGRESSIVE;
				GCC_WARN_UNUSED_FUNCTION = YES;
				GCC_WARN_UNUSED_VARIABLE = YES;
				IPHONEOS_DEPLOYMENT_TARGET = 13.5;
				MTL_ENABLE_DEBUG_INFO = NO;
				MTL_FAST_MATH = YES;
				SDKROOT = iphoneos;
				SWIFT_COMPILATION_MODE = wholemodule;
				SWIFT_OPTIMIZATION_LEVEL = "-O";
				VALIDATE_PRODUCT = YES;
			};
			name = Release;
		};
		7254EA9E24C07AFB006BAED2 /* Debug */ = {
			isa = XCBuildConfiguration;
			baseConfigurationReference = 3B66DAB6A4ECA8D60E18114C /* Pods-FirstMVVMproject.debug.xcconfig */;
			buildSettings = {
				ASSETCATALOG_COMPILER_APPICON_NAME = AppIcon;
				CODE_SIGN_STYLE = Automatic;
				DEVELOPMENT_TEAM = "";
				INFOPLIST_FILE = FirstMVVMproject/Info.plist;
				LD_RUNPATH_SEARCH_PATHS = (
					"$(inherited)",
					"@executable_path/Frameworks",
				);
				PRODUCT_BUNDLE_IDENTIFIER = practice.FirstMVVMproject;
				PRODUCT_NAME = "공기 어때?";
				SWIFT_VERSION = 5.0;
				TARGETED_DEVICE_FAMILY = "1,2";
			};
			name = Debug;
		};
		7254EA9F24C07AFB006BAED2 /* Release */ = {
			isa = XCBuildConfiguration;
			baseConfigurationReference = A7AFC65B03E625AA13DBB51D /* Pods-FirstMVVMproject.release.xcconfig */;
			buildSettings = {
				ASSETCATALOG_COMPILER_APPICON_NAME = AppIcon;
				CODE_SIGN_STYLE = Automatic;
				DEVELOPMENT_TEAM = "";
				INFOPLIST_FILE = FirstMVVMproject/Info.plist;
				LD_RUNPATH_SEARCH_PATHS = (
					"$(inherited)",
					"@executable_path/Frameworks",
				);
				PRODUCT_BUNDLE_IDENTIFIER = practice.FirstMVVMproject;
				PRODUCT_NAME = "공기 어때?";
				SWIFT_VERSION = 5.0;
				TARGETED_DEVICE_FAMILY = "1,2";
			};
			name = Release;
		};
/* End XCBuildConfiguration section */

/* Begin XCConfigurationList section */
		7254EA8424C07AFA006BAED2 /* Build configuration list for PBXProject "FirstMVVMproject" */ = {
			isa = XCConfigurationList;
			buildConfigurations = (
				7254EA9B24C07AFB006BAED2 /* Debug */,
				7254EA9C24C07AFB006BAED2 /* Release */,
			);
			defaultConfigurationIsVisible = 0;
			defaultConfigurationName = Release;
		};
		7254EA9D24C07AFB006BAED2 /* Build configuration list for PBXNativeTarget "FirstMVVMproject" */ = {
			isa = XCConfigurationList;
			buildConfigurations = (
				7254EA9E24C07AFB006BAED2 /* Debug */,
				7254EA9F24C07AFB006BAED2 /* Release */,
			);
			defaultConfigurationIsVisible = 0;
			defaultConfigurationName = Release;
		};
/* End XCConfigurationList section */
	};
	rootObject = 7254EA8124C07AFA006BAED2 /* Project object */;
}
